
Microsoft Visual Studio Solution File, Format Version 12.00
# Visual Studio Version 16
VisualStudioVersion = 16.0.30804.86
MinimumVisualStudioVersion = 10.0.40219.1
Project("{FAE04EC0-301F-11D3-BF4B-00C04F79EFBC}") = "KelimeOyunu", "KelimeOyunu\KelimeOyunu.csproj", "{AF658B4C-416D-4786-AF86-650E9092FD64}"
EndProject
Global
	GlobalSection(SolutionConfigurationPlatforms) = preSolution
		Debug|Any CPU = Debug|Any CPU
		Release|Any CPU = Release|Any CPU
	EndGlobalSection
	GlobalSection(ProjectConfigurationPlatforms) = postSolution
		{AF658B4C-416D-4786-AF86-650E9092FD64}.Debug|Any CPU.ActiveCfg = Debug|Any CPU
		{AF658B4C-416D-4786-AF86-650E9092FD64}.Debug|Any CPU.Build.0 = Debug|Any CPU
		{AF658B4C-416D-4786-AF86-650E9092FD64}.Release|Any CPU.ActiveCfg = Release|Any CPU
		{AF658B4C-416D-4786-AF86-650E9092FD64}.Release|Any CPU.Build.0 = Release|Any CPU
	EndGlobalSection
	GlobalSection(SolutionProperties) = preSolution
		HideSolutionNode = FALSE
	EndGlobalSection
	GlobalSection(ExtensibilityGlobals) = postSolution
		SolutionGuid = {4D8F75B9-C008-424A-AC1D-0F65CB8557D7}
	EndGlobalSection
EndGlobal
